
Microsoft Visual Studio Solution File, Format Version 12.00
# Visual Studio 15
VisualStudioVersion = 15.0.27703.2035
MinimumVisualStudioVersion = 10.0.40219.1
Project("{FAE04EC0-301F-11D3-BF4B-00C04F79EFBC}") = "KRPCController", "KRPCController\KRPCController.csproj", "{88EB569E-60F4-4968-80B8-E6A8F878963B}"
EndProject
Global
	GlobalSection(SolutionConfigurationPlatforms) = preSolution
		Debug|Any CPU = Debug|Any CPU
		Release|Any CPU = Release|Any CPU
	EndGlobalSection
	GlobalSection(ProjectConfigurationPlatforms) = postSolution
		{88EB569E-60F4-4968-80B8-E6A8F878963B}.Debug|Any CPU.ActiveCfg = Debug|Any CPU
		{88EB569E-60F4-4968-80B8-E6A8F878963B}.Debug|Any CPU.Build.0 = Debug|Any CPU
		{88EB569E-60F4-4968-80B8-E6A8F878963B}.Release|Any CPU.ActiveCfg = Release|Any CPU
		{88EB569E-60F4-4968-80B8-E6A8F878963B}.Release|Any CPU.Build.0 = Release|Any CPU
	EndGlobalSection
	GlobalSection(SolutionProperties) = preSolution
		HideSolutionNode = FALSE
	EndGlobalSection
	GlobalSection(ExtensibilityGlobals) = postSolution
		SolutionGuid = {8609113F-76CE-48DE-B34B-3D887D3D01AB}
	EndGlobalSection
EndGlobal
